
Microsoft Visual Studio Solution File, Format Version 12.00
# Visual Studio Version 17
VisualStudioVersion = 17.9.34728.123
MinimumVisualStudioVersion = 10.0.40219.1
Project("{FAE04EC0-301F-11D3-BF4B-00C04F79EFBC}") = "Core", "Core\Core.csproj", "{D0133C68-6938-45E4-9B43-FB91474176AE}"
EndProject
Project("{2150E333-8FDC-42A3-9474-1A3956D46DE8}") = "Sources", "Sources", "{5482C17D-C8B2-4DE3-A6CD-27BA81BE83B6}"
EndProject
Project("{2150E333-8FDC-42A3-9474-1A3956D46DE8}") = "Tests", "Tests", "{EC308FD5-8569-430F-AFE7-9E0B846822EB}"
EndProject
Project("{FAE04EC0-301F-11D3-BF4B-00C04F79EFBC}") = "WpfApp", "WpfApp\WpfApp.csproj", "{6E15C4CF-AA74-4DFF-B5C6-ABCC4C0464AA}"
EndProject
Project("{FAE04EC0-301F-11D3-BF4B-00C04F79EFBC}") = "CoreTests", "CoreTests\CoreTests.csproj", "{725E688F-B0F3-4A55-80D9-6DFDAC5E536E}"
EndProject
Global
	GlobalSection(SolutionConfigurationPlatforms) = preSolution
		Debug|Any CPU = Debug|Any CPU
		Release|Any CPU = Release|Any CPU
	EndGlobalSection
	GlobalSection(ProjectConfigurationPlatforms) = postSolution
		{D0133C68-6938-45E4-9B43-FB91474176AE}.Debug|Any CPU.ActiveCfg = Debug|Any CPU
		{D0133C68-6938-45E4-9B43-FB91474176AE}.Debug|Any CPU.Build.0 = Debug|Any CPU
		{D0133C68-6938-45E4-9B43-FB91474176AE}.Release|Any CPU.ActiveCfg = Release|Any CPU
		{D0133C68-6938-45E4-9B43-FB91474176AE}.Release|Any CPU.Build.0 = Release|Any CPU
		{6E15C4CF-AA74-4DFF-B5C6-ABCC4C0464AA}.Debug|Any CPU.ActiveCfg = Debug|Any CPU
		{6E15C4CF-AA74-4DFF-B5C6-ABCC4C0464AA}.Debug|Any CPU.Build.0 = Debug|Any CPU
		{6E15C4CF-AA74-4DFF-B5C6-ABCC4C0464AA}.Release|Any CPU.ActiveCfg = Release|Any CPU
		{6E15C4CF-AA74-4DFF-B5C6-ABCC4C0464AA}.Release|Any CPU.Build.0 = Release|Any CPU
		{725E688F-B0F3-4A55-80D9-6DFDAC5E536E}.Debug|Any CPU.ActiveCfg = Debug|Any CPU
		{725E688F-B0F3-4A55-80D9-6DFDAC5E536E}.Debug|Any CPU.Build.0 = Debug|Any CPU
		{725E688F-B0F3-4A55-80D9-6DFDAC5E536E}.Release|Any CPU.ActiveCfg = Release|Any CPU
		{725E688F-B0F3-4A55-80D9-6DFDAC5E536E}.Release|Any CPU.Build.0 = Release|Any CPU
	EndGlobalSection
	GlobalSection(SolutionProperties) = preSolution
		HideSolutionNode = FALSE
	EndGlobalSection
	GlobalSection(NestedProjects) = preSolution
		{D0133C68-6938-45E4-9B43-FB91474176AE} = {5482C17D-C8B2-4DE3-A6CD-27BA81BE83B6}
		{6E15C4CF-AA74-4DFF-B5C6-ABCC4C0464AA} = {5482C17D-C8B2-4DE3-A6CD-27BA81BE83B6}
		{725E688F-B0F3-4A55-80D9-6DFDAC5E536E} = {EC308FD5-8569-430F-AFE7-9E0B846822EB}
	EndGlobalSection
	GlobalSection(ExtensibilityGlobals) = postSolution
		SolutionGuid = {2DAA2811-E5E1-44D1-B3B8-9599D71212A1}
	EndGlobalSection
EndGlobal
